{
  "name": "unpkg-dev",
  "lockfileVersion": 3,
  "requires": true,
  "packages": {
    "": {
      "name": "unpkg-dev",
      "dependencies": {
        "unpkg-dev": "file:"
      },
      "engines": {
        "node": ">=23"
      }
    },
    "node_modules/unpkg-dev": {
      "resolved": "",
      "link": true
    }
  }
}
